{
  "nodes": {
    "nixpkgs": {
      "locked": {
        "lastModified": 1770380644,
        "narHash": "sha256-P7dWMHRUWG5m4G+06jDyThXO7kwSk46C1kgjEWcybkE=",
        "owner": "NixOS",
        "repo": "nixpkgs",
        "rev": "ae67888ff7ef9dff69b3cf0cc0fbfbcd3a722abe",
        "type": "github"
      },
      "original": {
        "owner": "NixOS",
        "ref": "nixpkgs-unstable",
        "repo": "nixpkgs",
        "type": "github"
      }
    },
    "plugins-lze": {
      "flake": false,
      "locked": {
        "lastModified": 1769938695,
        "narHash": "sha256-TJ6/xiFwyImPN2ABjsDymluhk2v3MVhetH+dTJAXMFI=",
        "owner": "BirdeeHub",
        "repo": "lze",
        "rev": "2b5e081f48df165c1e67050bc0b85a4c939e0827",
        "type": "github"
      },
      "original": {
        "owner": "BirdeeHub",
        "repo": "lze",
        "type": "github"
      }
    },
    "plugins-lzextras": {
      "flake": false,
      "locked": {
        "lastModified": 1770073207,
        "narHash": "sha256-hWIN/wuDpSu8xwqPmdjQREKMbnPeo/nUybu3Z2q/emY=",
        "owner": "BirdeeHub",
        "repo": "lzextras",
        "rev": "20bfe66fdfb1ee1a23994acec043191aa6d54e6e",
        "type": "github"
      },
      "original": {
        "owner": "BirdeeHub",
        "repo": "lzextras",
        "type": "github"
      }
    },
    "root": {
      "inputs": {
        "nixpkgs": "nixpkgs",
        "plugins-lze": "plugins-lze",
        "plugins-lzextras": "plugins-lzextras",
        "wrappers": "wrappers"
      }
    },
    "wrappers": {
      "inputs": {
        "nixpkgs": [
          "nixpkgs"
        ]
      },
      "locked": {
        "lastModified": 1770468064,
        "narHash": "sha256-htlvwpj4OjlhlSutgsxx+6wowszlXon0VqQKs7YEiQI=",
        "owner": "BirdeeHub",
        "repo": "nix-wrapper-modules",
        "rev": "d08f5a660bdd3ff2e8d4514eced625278d67c3eb",
        "type": "github"
      },
      "original": {
        "owner": "BirdeeHub",
        "repo": "nix-wrapper-modules",
        "type": "github"
      }
    }
  },
  "root": "root",
  "version": 7
}
